{
    "name": "timesheet",
    "version": "1.0.0",
    "lockfileVersion": 1,
    "requires": true,
    "dependencies": {

        "eve": {
            "version": "git+https://github.com/adobe-webplatform/eve.git#eef80ed8d188423c2272746fb8ae5cc8dad84cb1",
            "from": "git+https://github.com/adobe-webplatform/eve.git#eef80ed"
          },
          "raphael": {
            "version": "git+https://github.com/nhn/raphael.git#78a6ed3ec269f33b6457b0ec66f8c3d1f2ed70e0",
            "from": "git+https://github.com/nhn/raphael.git#2.2.0-c",
            "requires": {
              "eve": "git+https://github.com/adobe-webplatform/eve.git#eef80ed"
            }
          }

    }
}